PODS:
  - Differentiator (3.0.2)
  - PromiseKit (6.2.1):
    - PromiseKit/CorePromise (= 6.2.1)
    - PromiseKit/Foundation (= 6.2.1)
    - PromiseKit/UIKit (= 6.2.1)
  - PromiseKit/CorePromise (6.2.1)
  - PromiseKit/Foundation (6.2.1):
    - PromiseKit/CorePromise
  - PromiseKit/UIKit (6.2.1):
    - PromiseKit/CorePromise
  - RxCocoa (4.1.2):
    - RxSwift (~> 4.0)
  - RxDataSources (3.0.2):
    - Differentiator (~> 3.0)
    - RxCocoa (~> 4.0)
    - RxSwift (~> 4.0)
  - RxSwift (4.1.2)
  - Swinject (2.2.0)

DEPENDENCIES:
  - PromiseKit (~> 6.2.1)
  - RxCocoa (~> 4.1.2)
  - RxDataSources (~> 3.0.2)
  - RxSwift (~> 4.1.2)
  - Swinject (~> 2.2.0)

SPEC CHECKSUMS:
  Differentiator: a87be69eba49ec4ab460c7671143ee3a9eececfd
  PromiseKit: edaca6f0a7ed73b08c287600537d13867a7fabc7
  RxCocoa: d88ba0f1f6abf040011a9eb4b539324fc426843a
  RxDataSources: cb7c31e652a87ebb919da45f716bbb87b3765f6b
  RxSwift: e49536837d9901277638493ea537394d4b55f570
  Swinject: 4ca48bca7de5f398229a26abe1ac902b9f3ee541

PODFILE CHECKSUM: 83ccf4dce2e403d3eee7feb2c58f9ee225f9a322

COCOAPODS: 1.3.1
